{
  "name": "fire_planner",
  "lockfileVersion": 3,
  "requires": true,
  "packages": {
    "": {
      "dependencies": {
        "@types/chart.js": "^4.0.1",
        "chart.js": "^4.4.9"
      }
    },
    "node_modules/@kurkle/color": {
      "version": "0.3.4",
      "resolved": "https://registry.npmjs.org/@kurkle/color/-/color-0.3.4.tgz",
      "integrity": "sha512-M5UknZPHRu3DEDWoipU6sE8PdkZ6Z/S+v4dD+Ke8IaNlpdSQah50lz1KtcFBa2vsdOnwbbnxJwVM4wty6udA5w=="
    },
    "node_modules/@types/chart.js": {
      "version": "4.0.1",
      "resolved": "https://registry.npmjs.org/@types/chart.js/-/chart.js-4.0.1.tgz",
      "integrity": "sha512-OwXJ6Eg14eFpCsTG6sljiGnvVpit5R9rapG7nwDnQlljsdplVIOYVuCSwy07IduCtihrOwvOnbhXKLyp3nvPcw==",
      "deprecated": "This is a stub types definition. chart.js provides its own type definitions, so you do not need this installed.",
      "dependencies": {
        "chart.js": "*"
      }
    },
    "node_modules/chart.js": {
      "version": "4.4.9",
      "resolved": "https://registry.npmjs.org/chart.js/-/chart.js-4.4.9.tgz",
      "integrity": "sha512-EyZ9wWKgpAU0fLJ43YAEIF8sr5F2W3LqbS40ZJyHIner2lY14ufqv2VMp69MAiZ2rpwxEUxEhIH/0U3xyRynxg==",
      "dependencies": {
        "@kurkle/color": "^0.3.0"
      },
      "engines": {
        "pnpm": ">=8"
      }
    }
  }
}
